
Microsoft Visual Studio Solution File, Format Version 12.00
# Visual Studio Version 17
VisualStudioVersion = 17.4.33122.133
MinimumVisualStudioVersion = 10.0.40219.1
Project("{FAE04EC0-301F-11D3-BF4B-00C04F79EFBC}") = "BaiTap1", "BaiTap1\BaiTap1.csproj", "{E03A33F4-5384-4543-B29C-2096B2A3BFCD}"
EndProject
Global
	GlobalSection(SolutionConfigurationPlatforms) = preSolution
		Debug|Any CPU = Debug|Any CPU
		Release|Any CPU = Release|Any CPU
	EndGlobalSection
	GlobalSection(ProjectConfigurationPlatforms) = postSolution
		{E03A33F4-5384-4543-B29C-2096B2A3BFCD}.Debug|Any CPU.ActiveCfg = Debug|Any CPU
		{E03A33F4-5384-4543-B29C-2096B2A3BFCD}.Debug|Any CPU.Build.0 = Debug|Any CPU
		{E03A33F4-5384-4543-B29C-2096B2A3BFCD}.Release|Any CPU.ActiveCfg = Release|Any CPU
		{E03A33F4-5384-4543-B29C-2096B2A3BFCD}.Release|Any CPU.Build.0 = Release|Any CPU
	EndGlobalSection
	GlobalSection(SolutionProperties) = preSolution
		HideSolutionNode = FALSE
	EndGlobalSection
	GlobalSection(ExtensibilityGlobals) = postSolution
		SolutionGuid = {B2421766-66CD-4188-85CE-BD76378CEC93}
	EndGlobalSection
EndGlobal
